
Microsoft Visual Studio Solution File, Format Version 12.00
# Visual Studio Version 16
VisualStudioVersion = 16.0.30225.117
MinimumVisualStudioVersion = 10.0.40219.1
Project("{FAE04EC0-301F-11D3-BF4B-00C04F79EFBC}") = "SuperMQTT", "SuperMQTT\SuperMQTT.csproj", "{BBECF675-9836-484A-A6C0-48AA5F54A8F7}"
EndProject
Global
	GlobalSection(SolutionConfigurationPlatforms) = preSolution
		Debug|Any CPU = Debug|Any CPU
		Release|Any CPU = Release|Any CPU
	EndGlobalSection
	GlobalSection(ProjectConfigurationPlatforms) = postSolution
		{BBECF675-9836-484A-A6C0-48AA5F54A8F7}.Debug|Any CPU.ActiveCfg = Debug|Any CPU
		{BBECF675-9836-484A-A6C0-48AA5F54A8F7}.Debug|Any CPU.Build.0 = Debug|Any CPU
		{BBECF675-9836-484A-A6C0-48AA5F54A8F7}.Release|Any CPU.ActiveCfg = Release|Any CPU
		{BBECF675-9836-484A-A6C0-48AA5F54A8F7}.Release|Any CPU.Build.0 = Release|Any CPU
	EndGlobalSection
	GlobalSection(SolutionProperties) = preSolution
		HideSolutionNode = FALSE
	EndGlobalSection
	GlobalSection(ExtensibilityGlobals) = postSolution
		SolutionGuid = {1FC94C46-A883-43E9-BF78-37288EE37B45}
	EndGlobalSection
EndGlobal
